// !$*UTF8*$!
{
	archiveVersion = 1;
	classes = {
	};
	objectVersion = 46;
	objects = {

/* Begin PBXBuildFile section */
		3C278B46192C370A000DAC2F /* Foundation.framework in Frameworks */ = {isa = PBXBuildFile; fileRef = 3C278B45192C370A000DAC2F /* Foundation.framework */; };
		3C278B48192C370A000DAC2F /* CoreGraphics.framework in Frameworks */ = {isa = PBXBuildFile; fileRef = 3C278B47192C370A000DAC2F /* CoreGraphics.framework */; };
		3C278B4A192C370A000DAC2F /* UIKit.framework in Frameworks */ = {isa = PBXBuildFile; fileRef = 3C278B49192C370A000DAC2F /* UIKit.framework */; };
		3C278B50192C370A000DAC2F /* InfoPlist.strings in Resources */ = {isa = PBXBuildFile; fileRef = 3C278B4E192C370A000DAC2F /* InfoPlist.strings */; };
		3C278B52192C370A000DAC2F /* main.m in Sources */ = {isa = PBXBuildFile; fileRef = 3C278B51192C370A000DAC2F /* main.m */; };
		3C278B56192C370A000DAC2F /* GRAppDelegate.m in Sources */ = {isa = PBXBuildFile; fileRef = 3C278B55192C370A000DAC2F /* GRAppDelegate.m */; };
		3C278B58192C370A000DAC2F /* Images.xcassets in Resources */ = {isa = PBXBuildFile; fileRef = 3C278B57192C370A000DAC2F /* Images.xcassets */; };
		3C278B5F192C370A000DAC2F /* XCTest.framework in Frameworks */ = {isa = PBXBuildFile; fileRef = 3C278B5E192C370A000DAC2F /* XCTest.framework */; };
		3C278B60192C370A000DAC2F /* Foundation.framework in Frameworks */ = {isa = PBXBuildFile; fileRef = 3C278B45192C370A000DAC2F /* Foundation.framework */; };
		3C278B61192C370A000DAC2F /* UIKit.framework in Frameworks */ = {isa = PBXBuildFile; fileRef = 3C278B49192C370A000DAC2F /* UIKit.framework */; };
		3C278B69192C370A000DAC2F /* InfoPlist.strings in Resources */ = {isa = PBXBuildFile; fileRef = 3C278B67192C370A000DAC2F /* InfoPlist.strings */; };
		3C278B6B192C370A000DAC2F /* Git_ReferenceTests.m in Sources */ = {isa = PBXBuildFile; fileRef = 3C278B6A192C370A000DAC2F /* Git_ReferenceTests.m */; };
		3C278B76192C37DC000DAC2F /* GRScrollViewController.m in Sources */ = {isa = PBXBuildFile; fileRef = 3C278B75192C37DC000DAC2F /* GRScrollViewController.m */; };
/* End PBXBuildFile section */

/* Begin PBXContainerItemProxy section */
		3C278B62192C370A000DAC2F /* PBXContainerItemProxy */ = {
			isa = PBXContainerItemProxy;
			containerPortal = 3C278B3A192C370A000DAC2F /* Project object */;
			proxyType = 1;
			remoteGlobalIDString = 3C278B41192C370A000DAC2F;
			remoteInfo = "Git Reference";
		};
/* End PBXContainerItemProxy section */

/* Begin PBXFileReference section */
		3C278B42192C370A000DAC2F /* Git Reference.app */ = {isa = PBXFileReference; explicitFileType = wrapper.application; includeInIndex = 0; path = "Git Reference.app"; sourceTree = BUILT_PRODUCTS_DIR; };
		3C278B45192C370A000DAC2F /* Foundation.framework */ = {isa = PBXFileReference; lastKnownFileType = wrapper.framework; name = Foundation.framework; path = System/Library/Frameworks/Foundation.framework; sourceTree = SDKROOT; };
		3C278B47192C370A000DAC2F /* CoreGraphics.framework */ = {isa = PBXFileReference; lastKnownFileType = wrapper.framework; name = CoreGraphics.framework; path = System/Library/Frameworks/CoreGraphics.framework; sourceTree = SDKROOT; };
		3C278B49192C370A000DAC2F /* UIKit.framework */ = {isa = PBXFileReference; lastKnownFileType = wrapper.framework; name = UIKit.framework; path = System/Library/Frameworks/UIKit.framework; sourceTree = SDKROOT; };
		3C278B4D192C370A000DAC2F /* Git Reference-Info.plist */ = {isa = PBXFileReference; lastKnownFileType = text.plist.xml; path = "Git Reference-Info.plist"; sourceTree = "<group>"; };
		3C278B4F192C370A000DAC2F /* en */ = {isa = PBXFileReference; lastKnownFileType = text.plist.strings; name = en; path = en.lproj/InfoPlist.strings; sourceTree = "<group>"; };
		3C278B51192C370A000DAC2F /* main.m */ = {isa = PBXFileReference; lastKnownFileType = sourcecode.c.objc; path = main.m; sourceTree = "<group>"; };
		3C278B53192C370A000DAC2F /* Git Reference-Prefix.pch */ = {isa = PBXFileReference; lastKnownFileType = sourcecode.c.h; path = "Git Reference-Prefix.pch"; sourceTree = "<group>"; };
		3C278B54192C370A000DAC2F /* GRAppDelegate.h */ = {isa = PBXFileReference; lastKnownFileType = sourcecode.c.h; path = GRAppDelegate.h; sourceTree = "<group>"; };
		3C278B55192C370A000DAC2F /* GRAppDelegate.m */ = {isa = PBXFileReference; lastKnownFileType = sourcecode.c.objc; path = GRAppDelegate.m; sourceTree = "<group>"; };
		3C278B57192C370A000DAC2F /* Images.xcassets */ = {isa = PBXFileReference; lastKnownFileType = folder.assetcatalog; path = Images.xcassets; sourceTree = "<group>"; };
		3C278B5D192C370A000DAC2F /* Git ReferenceTests.xctest */ = {isa = PBXFileReference; explicitFileType = wrapper.cfbundle; includeInIndex = 0; path = "Git ReferenceTests.xctest"; sourceTree = BUILT_PRODUCTS_DIR; };
		3C278B5E192C370A000DAC2F /* XCTest.framework */ = {isa = PBXFileReference; lastKnownFileType = wrapper.framework; name = XCTest.framework; path = Library/Frameworks/XCTest.framework; sourceTree = DEVELOPER_DIR; };
		3C278B66192C370A000DAC2F /* Git ReferenceTests-Info.plist */ = {isa = PBXFileReference; lastKnownFileType = text.plist.xml; path = "Git ReferenceTests-Info.plist"; sourceTree = "<group>"; };
		3C278B68192C370A000DAC2F /* en */ = {isa = PBXFileReference; lastKnownFileType = text.plist.strings; name = en; path = en.lproj/InfoPlist.strings; sourceTree = "<group>"; };
		3C278B6A192C370A000DAC2F /* Git_ReferenceTests.m */ = {isa = PBXFileReference; lastKnownFileType = sourcecode.c.objc; path = Git_ReferenceTests.m; sourceTree = "<group>"; };
		3C278B74192C37DC000DAC2F /* GRScrollViewController.h */ = {isa = PBXFileReference; fileEncoding = 4; lastKnownFileType = sourcecode.c.h; path = GRScrollViewController.h; sourceTree = "<group>"; };
		3C278B75192C37DC000DAC2F /* GRScrollViewController.m */ = {isa = PBXFileReference; fileEncoding = 4; lastKnownFileType = sourcecode.c.objc; path = GRScrollViewController.m; sourceTree = "<group>"; };
/* End PBXFileReference section */

/* Begin PBXFrameworksBuildPhase section */
		3C278B3F192C370A000DAC2F /* Frameworks */ = {
			isa = PBXFrameworksBuildPhase;
			buildActionMask = 2147483647;
			files = (
				3C278B48192C370A000DAC2F /* CoreGraphics.framework in Frameworks */,
				3C278B4A192C370A000DAC2F /* UIKit.framework in Frameworks */,
				3C278B46192C370A000DAC2F /* Foundation.framework in Frameworks */,
			);
			runOnlyForDeploymentPostprocessing = 0;
		};
		3C278B5A192C370A000DAC2F /* Frameworks */ = {
			isa = PBXFrameworksBuildPhase;
			buildActionMask = 2147483647;
			files = (
				3C278B5F192C370A000DAC2F /* XCTest.framework in Frameworks */,
				3C278B61192C370A000DAC2F /* UIKit.framework in Frameworks */,
				3C278B60192C370A000DAC2F /* Foundation.framework in Frameworks */,
			);
			runOnlyForDeploymentPostprocessing = 0;
		};
/* End PBXFrameworksBuildPhase section */

/* Begin PBXGroup section */
		3C278B39192C370A000DAC2F = {
			isa = PBXGroup;
			children = (
				3C278B4B192C370A000DAC2F /* Git Reference */,
				3C278B64192C370A000DAC2F /* Git ReferenceTests */,
				3C278B44192C370A000DAC2F /* Frameworks */,
				3C278B43192C370A000DAC2F /* Products */,
			);
			sourceTree = "<group>";
		};
		3C278B43192C370A000DAC2F /* Products */ = {
			isa = PBXGroup;
			children = (
				3C278B42192C370A000DAC2F /* Git Reference.app */,
				3C278B5D192C370A000DAC2F /* Git ReferenceTests.xctest */,
			);
			name = Products;
			sourceTree = "<group>";
		};
		3C278B44192C370A000DAC2F /* Frameworks */ = {
			isa = PBXGroup;
			children = (
				3C278B45192C370A000DAC2F /* Foundation.framework */,
				3C278B47192C370A000DAC2F /* CoreGraphics.framework */,
				3C278B49192C370A000DAC2F /* UIKit.framework */,
				3C278B5E192C370A000DAC2F /* XCTest.framework */,
			);
			name = Frameworks;
			sourceTree = "<group>";
		};
		3C278B4B192C370A000DAC2F /* Git Reference */ = {
			isa = PBXGroup;
			children = (
				3C278B54192C370A000DAC2F /* GRAppDelegate.h */,
				3C278B55192C370A000DAC2F /* GRAppDelegate.m */,
				3C278B74192C37DC000DAC2F /* GRScrollViewController.h */,
				3C278B75192C37DC000DAC2F /* GRScrollViewController.m */,
				3C278B57192C370A000DAC2F /* Images.xcassets */,
				3C278B4C192C370A000DAC2F /* Supporting Files */,
			);
			path = "Git Reference";
			sourceTree = "<group>";
		};
		3C278B4C192C370A000DAC2F /* Supporting Files */ = {
			isa = PBXGroup;
			children = (
				3C278B4D192C370A000DAC2F /* Git Reference-Info.plist */,
				3C278B4E192C370A000DAC2F /* InfoPlist.strings */,
				3C278B51192C370A000DAC2F /* main.m */,
				3C278B53192C370A000DAC2F /* Git Reference-Prefix.pch */,
			);
			name = "Supporting Files";
			sourceTree = "<group>";
		};
		3C278B64192C370A000DAC2F /* Git ReferenceTests */ = {
			isa = PBXGroup;
			children = (
				3C278B6A192C370A000DAC2F /* Git_ReferenceTests.m */,
				3C278B65192C370A000DAC2F /* Supporting Files */,
			);
			path = "Git ReferenceTests";
			sourceTree = "<group>";
		};
		3C278B65192C370A000DAC2F /* Supporting Files */ = {
			isa = PBXGroup;
			children = (
				3C278B66192C370A000DAC2F /* Git ReferenceTests-Info.plist */,
				3C278B67192C370A000DAC2F /* InfoPlist.strings */,
			);
			name = "Supporting Files";
			sourceTree = "<group>";
		};
/* End PBXGroup section */

/* Begin PBXNativeTarget section */
		3C278B41192C370A000DAC2F /* Git Reference */ = {
			isa = PBXNativeTarget;
			buildConfigurationList = 3C278B6E192C370A000DAC2F /* Build configuration list for PBXNativeTarget "Git Reference" */;
			buildPhases = (
				3C278B3E192C370A000DAC2F /* Sources */,
				3C278B3F192C370A000DAC2F /* Frameworks */,
				3C278B40192C370A000DAC2F /* Resources */,
			);
			buildRules = (
			);
			dependencies = (
			);
			name = "Git Reference";
			productName = "Git Reference";
			productReference = 3C278B42192C370A000DAC2F /* Git Reference.app */;
			productType = "com.apple.product-type.application";
		};
		3C278B5C192C370A000DAC2F /* Git ReferenceTests */ = {
			isa = PBXNativeTarget;
			buildConfigurationList = 3C278B71192C370A000DAC2F /* Build configuration list for PBXNativeTarget "Git ReferenceTests" */;
			buildPhases = (
				3C278B59192C370A000DAC2F /* Sources */,
				3C278B5A192C370A000DAC2F /* Frameworks */,
				3C278B5B192C370A000DAC2F /* Resources */,
			);
			buildRules = (
			);
			dependencies = (
				3C278B63192C370A000DAC2F /* PBXTargetDependency */,
			);
			name = "Git ReferenceTests";
			productName = "Git ReferenceTests";
			productReference = 3C278B5D192C370A000DAC2F /* Git ReferenceTests.xctest */;
			productType = "com.apple.product-type.bundle.unit-test";
		};
/* End PBXNativeTarget section */

/* Begin PBXProject section */
		3C278B3A192C370A000DAC2F /* Project object */ = {
			isa = PBXProject;
			attributes = {
				CLASSPREFIX = GR;
				LastUpgradeCheck = 0510;
				ORGANIZATIONNAME = "Dev Mountain";
				TargetAttributes = {
					3C278B5C192C370A000DAC2F = {
						TestTargetID = 3C278B41192C370A000DAC2F;
					};
				};
			};
			buildConfigurationList = 3C278B3D192C370A000DAC2F /* Build configuration list for PBXProject "Git Reference" */;
			compatibilityVersion = "Xcode 3.2";
			developmentRegion = English;
			hasScannedForEncodings = 0;
			knownRegions = (
				en,
			);
			mainGroup = 3C278B39192C370A000DAC2F;
			productRefGroup = 3C278B43192C370A000DAC2F /* Products */;
			projectDirPath = "";
			projectRoot = "";
			targets = (
				3C278B41192C370A000DAC2F /* Git Reference */,
				3C278B5C192C370A000DAC2F /* Git ReferenceTests */,
			);
		};
/* End PBXProject section */

/* Begin PBXResourcesBuildPhase section */
		3C278B40192C370A000DAC2F /* Resources */ = {
			isa = PBXResourcesBuildPhase;
			buildActionMask = 2147483647;
			files = (
				3C278B50192C370A000DAC2F /* InfoPlist.strings in Resources */,
				3C278B58192C370A000DAC2F /* Images.xcassets in Resources */,
			);
			runOnlyForDeploymentPostprocessing = 0;
		};
		3C278B5B192C370A000DAC2F /* Resources */ = {
			isa = PBXResourcesBuildPhase;
			buildActionMask = 2147483647;
			files = (
				3C278B69192C370A000DAC2F /* InfoPlist.strings in Resources */,
			);
			runOnlyForDeploymentPostprocessing = 0;
		};
/* End PBXResourcesBuildPhase section */

/* Begin PBXSourcesBuildPhase section */
		3C278B3E192C370A000DAC2F /* Sources */ = {
			isa = PBXSourcesBuildPhase;
			buildActionMask = 2147483647;
			files = (
				3C278B52192C370A000DAC2F /* main.m in Sources */,
				3C278B76192C37DC000DAC2F /* GRScrollViewController.m in Sources */,
				3C278B56192C370A000DAC2F /* GRAppDelegate.m in Sources */,
			);
			runOnlyForDeploymentPostprocessing = 0;
		};
		3C278B59192C370A000DAC2F /* Sources */ = {
			isa = PBXSourcesBuildPhase;
			buildActionMask = 2147483647;
			files = (
				3C278B6B192C370A000DAC2F /* Git_ReferenceTests.m in Sources */,
			);
			runOnlyForDeploymentPostprocessing = 0;
		};
/* End PBXSourcesBuildPhase section */

/* Begin PBXTargetDependency section */
		3C278B63192C370A000DAC2F /* PBXTargetDependency */ = {
			isa = PBXTargetDependency;
			target = 3C278B41192C370A000DAC2F /* Git Reference */;
			targetProxy = 3C278B62192C370A000DAC2F /* PBXContainerItemProxy */;
		};
/* End PBXTargetDependency section */

/* Begin PBXVariantGroup section */
		3C278B4E192C370A000DAC2F /* InfoPlist.strings */ = {
			isa = PBXVariantGroup;
			children = (
				3C278B4F192C370A000DAC2F /* en */,
			);
			name = InfoPlist.strings;
			sourceTree = "<group>";
		};
		3C278B67192C370A000DAC2F /* InfoPlist.strings */ = {
			isa = PBXVariantGroup;
			children = (
				3C278B68192C370A000DAC2F /* en */,
			);
			name = InfoPlist.strings;
			sourceTree = "<group>";
		};
/* End PBXVariantGroup section */

/* Begin XCBuildConfiguration section */
		3C278B6C192C370A000DAC2F /* Debug */ = {
			isa = XCBuildConfiguration;
			buildSettings = {
				ALWAYS_SEARCH_USER_PATHS = NO;
				CLANG_CXX_LANGUAGE_STANDARD = "gnu++0x";
				CLANG_CXX_LIBRARY = "libc++";
				CLANG_ENABLE_MODULES = YES;
				CLANG_ENABLE_OBJC_ARC = YES;
				CLANG_WARN_BOOL_CONVERSION = YES;
				CLANG_WARN_CONSTANT_CONVERSION = YES;
				CLANG_WARN_DIRECT_OBJC_ISA_USAGE = YES_ERROR;
				CLANG_WARN_EMPTY_BODY = YES;
				CLANG_WARN_ENUM_CONVERSION = YES;
				CLANG_WARN_INT_CONVERSION = YES;
				CLANG_WARN_OBJC_ROOT_CLASS = YES_ERROR;
				CLANG_WARN__DUPLICATE_METHOD_MATCH = YES;
				"CODE_SIGN_IDENTITY[sdk=iphoneos*]" = "iPhone Developer";
				COPY_PHASE_STRIP = NO;
				GCC_C_LANGUAGE_STANDARD = gnu99;
				GCC_DYNAMIC_NO_PIC = NO;
				GCC_OPTIMIZATION_LEVEL = 0;
				GCC_PREPROCESSOR_DEFINITIONS = (
					"DEBUG=1",
					"$(inherited)",
				);
				GCC_SYMBOLS_PRIVATE_EXTERN = NO;
				GCC_WARN_64_TO_32_BIT_CONVERSION = YES;
				GCC_WARN_ABOUT_RETURN_TYPE = YES_ERROR;
				GCC_WARN_UNDECLARED_SELECTOR = YES;
				GCC_WARN_UNINITIALIZED_AUTOS = YES_AGGRESSIVE;
				GCC_WARN_UNUSED_FUNCTION = YES;
				GCC_WARN_UNUSED_VARIABLE = YES;
				IPHONEOS_DEPLOYMENT_TARGET = 7.1;
				ONLY_ACTIVE_ARCH = YES;
				SDKROOT = iphoneos;
			};
			name = Debug;
		};
		3C278B6D192C370A000DAC2F /* Release */ = {
			isa = XCBuildConfiguration;
			buildSettings = {
				ALWAYS_SEARCH_USER_PATHS = NO;
				CLANG_CXX_LANGUAGE_STANDARD = "gnu++0x";
				CLANG_CXX_LIBRARY = "libc++";
				CLANG_ENABLE_MODULES = YES;
				CLANG_ENABLE_OBJC_ARC = YES;
				CLANG_WARN_BOOL_CONVERSION = YES;
				CLANG_WARN_CONSTANT_CONVERSION = YES;
				CLANG_WARN_DIRECT_OBJC_ISA_USAGE = YES_ERROR;
				CLANG_WARN_EMPTY_BODY = YES;
				CLANG_WARN_ENUM_CONVERSION = YES;
				CLANG_WARN_INT_CONVERSION = YES;
				CLANG_WARN_OBJC_ROOT_CLASS = YES_ERROR;
				CLANG_WARN__DUPLICATE_METHOD_MATCH = YES;
				"CODE_SIGN_IDENTITY[sdk=iphoneos*]" = "iPhone Developer";
				COPY_PHASE_STRIP = YES;
				ENABLE_NS_ASSERTIONS = NO;
				GCC_C_LANGUAGE_STANDARD = gnu99;
				GCC_WARN_64_TO_32_BIT_CONVERSION = YES;
				GCC_WARN_ABOUT_RETURN_TYPE = YES_ERROR;
				GCC_WARN_UNDECLARED_SELECTOR = YES;
				GCC_WARN_UNINITIALIZED_AUTOS = YES_AGGRESSIVE;
				GCC_WARN_UNUSED_FUNCTION = YES;
				GCC_WARN_UNUSED_VARIABLE = YES;
				IPHONEOS_DEPLOYMENT_TARGET = 7.1;
				SDKROOT = iphoneos;
				VALIDATE_PRODUCT = YES;
			};
			name = Release;
		};
		3C278B6F192C370A000DAC2F /* Debug */ = {
			isa = XCBuildConfiguration;
			buildSettings = {
				ASSETCATALOG_COMPILER_APPICON_NAME = AppIcon;
				ASSETCATALOG_COMPILER_LAUNCHIMAGE_NAME = LaunchImage;
				GCC_PRECOMPILE_PREFIX_HEADER = YES;
				GCC_PREFIX_HEADER = "Git Reference/Git Reference-Prefix.pch";
				INFOPLIST_FILE = "Git Reference/Git Reference-Info.plist";
				PRODUCT_NAME = "$(TARGET_NAME)";
				WRAPPER_EXTENSION = app;
			};
			name = Debug;
		};
		3C278B70192C370A000DAC2F /* Release */ = {
			isa = XCBuildConfiguration;
			buildSettings = {
				ASSETCATALOG_COMPILER_APPICON_NAME = AppIcon;
				ASSETCATALOG_COMPILER_LAUNCHIMAGE_NAME = LaunchImage;
				GCC_PRECOMPILE_PREFIX_HEADER = YES;
				GCC_PREFIX_HEADER = "Git Reference/Git Reference-Prefix.pch";
				INFOPLIST_FILE = "Git Reference/Git Reference-Info.plist";
				PRODUCT_NAME = "$(TARGET_NAME)";
				WRAPPER_EXTENSION = app;
			};
			name = Release;
		};
		3C278B72192C370A000DAC2F /* Debug */ = {
			isa = XCBuildConfiguration;
			buildSettings = {
				BUNDLE_LOADER = "$(BUILT_PRODUCTS_DIR)/Git Reference.app/Git Reference";
				FRAMEWORK_SEARCH_PATHS = (
					"$(SDKROOT)/Developer/Library/Frameworks",
					"$(inherited)",
					"$(DEVELOPER_FRAMEWORKS_DIR)",
				);
				GCC_PRECOMPILE_PREFIX_HEADER = YES;
				GCC_PREFIX_HEADER = "Git Reference/Git Reference-Prefix.pch";
				GCC_PREPROCESSOR_DEFINITIONS = (
					"DEBUG=1",
					"$(inherited)",
				);
				INFOPLIST_FILE = "Git ReferenceTests/Git ReferenceTests-Info.plist";
				PRODUCT_NAME = "$(TARGET_NAME)";
				TEST_HOST = "$(BUNDLE_LOADER)";
				WRAPPER_EXTENSION = xctest;
			};
			name = Debug;
		};
		3C278B73192C370A000DAC2F /* Release */ = {
			isa = XCBuildConfiguration;
			buildSettings = {
				BUNDLE_LOADER = "$(BUILT_PRODUCTS_DIR)/Git Reference.app/Git Reference";
				FRAMEWORK_SEARCH_PATHS = (
					"$(SDKROOT)/Developer/Library/Frameworks",
					"$(inherited)",
					"$(DEVELOPER_FRAMEWORKS_DIR)",
				);
				GCC_PRECOMPILE_PREFIX_HEADER = YES;
				GCC_PREFIX_HEADER = "Git Reference/Git Reference-Prefix.pch";
				INFOPLIST_FILE = "Git ReferenceTests/Git ReferenceTests-Info.plist";
				PRODUCT_NAME = "$(TARGET_NAME)";
				TEST_HOST = "$(BUNDLE_LOADER)";
				WRAPPER_EXTENSION = xctest;
			};
			name = Release;
		};
/* End XCBuildConfiguration section */

/* Begin XCConfigurationList section */
		3C278B3D192C370A000DAC2F /* Build configuration list for PBXProject "Git Reference" */ = {
			isa = XCConfigurationList;
			buildConfigurations = (
				3C278B6C192C370A000DAC2F /* Debug */,
				3C278B6D192C370A000DAC2F /* Release */,
			);
			defaultConfigurationIsVisible = 0;
			defaultConfigurationName = Release;
		};
		3C278B6E192C370A000DAC2F /* Build configuration list for PBXNativeTarget "Git Reference" */ = {
			isa = XCConfigurationList;
			buildConfigurations = (
				3C278B6F192C370A000DAC2F /* Debug */,
				3C278B70192C370A000DAC2F /* Release */,
			);
			defaultConfigurationIsVisible = 0;
		};
		3C278B71192C370A000DAC2F /* Build configuration list for PBXNativeTarget "Git ReferenceTests" */ = {
			isa = XCConfigurationList;
			buildConfigurations = (
				3C278B72192C370A000DAC2F /* Debug */,
				3C278B73192C370A000DAC2F /* Release */,
			);
			defaultConfigurationIsVisible = 0;
		};
/* End XCConfigurationList section */
	};
	rootObject = 3C278B3A192C370A000DAC2F /* Project object */;
}
